
Microsoft Visual Studio Solution File, Format Version 12.00
# Visual Studio 15
VisualStudioVersion = 15.0.28307.136
MinimumVisualStudioVersion = 10.0.40219.1
Project("{FAE04EC0-301F-11D3-BF4B-00C04F79EFBC}") = "G1ANT.Addon.Appium", "G1ANT.Appium\G1ANT.Addon.Appium.csproj", "{09BF2AF3-8F67-46DB-98AF-69F0ABFC14F1}"
EndProject
Global
	GlobalSection(SolutionConfigurationPlatforms) = preSolution
		Debug|Any CPU = Debug|Any CPU
		Release|Any CPU = Release|Any CPU
	EndGlobalSection
	GlobalSection(ProjectConfigurationPlatforms) = postSolution
		{09BF2AF3-8F67-46DB-98AF-69F0ABFC14F1}.Debug|Any CPU.ActiveCfg = Debug|Any CPU
		{09BF2AF3-8F67-46DB-98AF-69F0ABFC14F1}.Debug|Any CPU.Build.0 = Debug|Any CPU
		{09BF2AF3-8F67-46DB-98AF-69F0ABFC14F1}.Release|Any CPU.ActiveCfg = Release|Any CPU
		{09BF2AF3-8F67-46DB-98AF-69F0ABFC14F1}.Release|Any CPU.Build.0 = Release|Any CPU
	EndGlobalSection
	GlobalSection(SolutionProperties) = preSolution
		HideSolutionNode = FALSE
	EndGlobalSection
	GlobalSection(ExtensibilityGlobals) = postSolution
		SolutionGuid = {73D7B13A-3553-4BB7-BF16-E601E5BEF206}
	EndGlobalSection
EndGlobal
